
Microsoft Visual Studio Solution File, Format Version 12.00
# Visual Studio Version 17
VisualStudioVersion = 17.5.002.0
MinimumVisualStudioVersion = 10.0.40219.1
Project("{9A19103F-16F7-4668-BE54-9A1E7A4F7556}") = "explicacion", "explicacion.csproj", "{6B58D411-E1FD-4335-B97C-F6D35603E9DD}"
EndProject
Global
	GlobalSection(SolutionConfigurationPlatforms) = preSolution
		Debug|Any CPU = Debug|Any CPU
		Release|Any CPU = Release|Any CPU
	EndGlobalSection
	GlobalSection(ProjectConfigurationPlatforms) = postSolution
		{6B58D411-E1FD-4335-B97C-F6D35603E9DD}.Debug|Any CPU.ActiveCfg = Debug|Any CPU
		{6B58D411-E1FD-4335-B97C-F6D35603E9DD}.Debug|Any CPU.Build.0 = Debug|Any CPU
		{6B58D411-E1FD-4335-B97C-F6D35603E9DD}.Release|Any CPU.ActiveCfg = Release|Any CPU
		{6B58D411-E1FD-4335-B97C-F6D35603E9DD}.Release|Any CPU.Build.0 = Release|Any CPU
	EndGlobalSection
	GlobalSection(SolutionProperties) = preSolution
		HideSolutionNode = FALSE
	EndGlobalSection
	GlobalSection(ExtensibilityGlobals) = postSolution
		SolutionGuid = {A2965965-479C-4AAA-9210-8D6FD7EB8F57}
	EndGlobalSection
EndGlobal
